
Microsoft Visual Studio Solution File, Format Version 12.00
# Visual Studio 14
VisualStudioVersion = 14.0.23107.0
MinimumVisualStudioVersion = 10.0.40219.1
Project("{2150E333-8FDC-42A3-9474-1A3956D46DE8}") = "SwordOffer", "SwordOffer", "{5F9341DC-DA1E-471C-95B2-D9002C81F717}"
EndProject
Project("{8BC9CEB8-8B4A-11D0-8D11-00A0C91BC942}") = "10.FibonacciSequence", "10.FibonacciSequence\10.FibonacciSequence.vcxproj", "{203057CC-0535-4E46-BCE0-A0289B910AFD}"
EndProject
Project("{8BC9CEB8-8B4A-11D0-8D11-00A0C91BC942}") = "12.PathInMatrix", "11.PathInMatrix\11.PathInMatrix.vcxproj", "{E99ACBCB-1C00-435B-99B5-A02C00A7E7CF}"
EndProject
Project("{8BC9CEB8-8B4A-11D0-8D11-00A0C91BC942}") = "13.RangeOfMotionOfRobot", "13.RangeOfMotionOfRobot\13.RangeOfMotionOfRobot.vcxproj", "{11D7C4DB-E6EA-49CB-8BFA-D44FE8C10AF2}"
EndProject
Project("{8BC9CEB8-8B4A-11D0-8D11-00A0C91BC942}") = "14.CutTheRope", "14.CutTheRope\14.CutTheRope.vcxproj", "{906EA365-BBDE-4DC2-9B11-336DC8C6E792}"
EndProject
Project("{8BC9CEB8-8B4A-11D0-8D11-00A0C91BC942}") = "15.NumberOf1InBinary", "15.NumberOf1InBinary\15.NumberOf1InBinary.vcxproj", "{1C7D245A-CFD6-46BB-A7D3-31062A334999}"
EndProject
Project("{8BC9CEB8-8B4A-11D0-8D11-00A0C91BC942}") = "16.TheIntegerPowerOfANumber", "16.TheIntegerPowerOfANumber\16.TheIntegerPowerOfANumber.vcxproj", "{EEF154A0-BEA3-498D-A5DA-33A94419B8B8}"
EndProject
Project("{8BC9CEB8-8B4A-11D0-8D11-00A0C91BC942}") = "17.PrintTheNumberOfNDigitsFrom1ToTheMaximum", "17.PrintTheNumberOfNDigitsFrom1ToTheMaximum\17.PrintTheNumberOfNDigitsFrom1ToTheMaximum.vcxproj", "{2027E0D3-9344-411E-B1C9-2A954DBA6F9C}"
EndProject
Project("{8BC9CEB8-8B4A-11D0-8D11-00A0C91BC942}") = "18.DeleteTheNodeOfTheLinkedList", "18.DeleteTheNodeOfTheLinkedList\18.DeleteTheNodeOfTheLinkedList.vcxproj", "{38CF5BE1-6C53-47B4-AE73-13A6E84CFACC}"
EndProject
Project("{8BC9CEB8-8B4A-11D0-8D11-00A0C91BC942}") = "21.ReorderTheArraySoThatTheOddNumberPrecedesTheEvenNumber", "21.ReorderTheArraySoThatTheOddNumberPrecedesTheEvenNumber\21.ReorderTheArraySoThatTheOddNumberPrecedesTheEvenNumber.vcxproj", "{FE27F293-F608-440F-AF57-4A47CA7CEB48}"
EndProject
Project("{8BC9CEB8-8B4A-11D0-8D11-00A0C91BC942}") = "22.TheLastKNodeInTheLinkedList", "22.TheLastKNodeInTheLinkedList\22.TheLastKNodeInTheLinkedList.vcxproj", "{1BE030DD-B8D2-430C-BF33-95785429B9B1}"
EndProject
Project("{8BC9CEB8-8B4A-11D0-8D11-00A0C91BC942}") = "23.TheEntryNodeOfALinkInALinkedList", "23.TheEntryNodeOfALinkInALinkedList\23.TheEntryNodeOfALinkInALinkedList.vcxproj", "{498536F9-9E00-4490-8DCE-A4E0661D2B7C}"
EndProject
Project("{8BC9CEB8-8B4A-11D0-8D11-00A0C91BC942}") = "24.ReverseLinkedList", "24.ReverseLinkedList\24.ReverseLinkedList.vcxproj", "{1CA7D09C-FE49-42C4-86A3-E0A9D5948DFC}"
EndProject
Project("{8BC9CEB8-8B4A-11D0-8D11-00A0C91BC942}") = "25.MergeTwoSortedLinkedLists", "25.MergeTwoSortedLinkedLists\25.MergeTwoSortedLinkedLists.vcxproj", "{4B709651-32E0-4E0A-A10C-D58F074CB44F}"
EndProject
Project("{8BC9CEB8-8B4A-11D0-8D11-00A0C91BC942}") = "26.SubstructuresOfTrees", "26.SubstructuresOfTrees\26.SubstructuresOfTrees.vcxproj", "{ED356377-86E5-4C26-B4F0-B2EB39CE2F18}"
EndProject
Project("{8BC9CEB8-8B4A-11D0-8D11-00A0C91BC942}") = "27.MirrorOfBinaryTree", "27.MirrorOfBinaryTree\27.MirrorOfBinaryTree.vcxproj", "{EDA1E524-CB6A-4969-9DAD-C306CF1933EC}"
EndProject
Project("{8BC9CEB8-8B4A-11D0-8D11-00A0C91BC942}") = "30.StackContainingMinFunction", "30.StackContainingMinFunction\30.StackContainingMinFunction.vcxproj", "{5A3A3BCE-EC25-4290-B5AE-E5E989A4DBC0}"
EndProject
Project("{8BC9CEB8-8B4A-11D0-8D11-00A0C91BC942}") = "31.PushAndPopSequenceOfStack", "31.PushAndPopSequenceOfStack\31.PushAndPopSequenceOfStack.vcxproj", "{B0AB77E0-8418-429D-9C2A-0B7B1BF1F859}"
EndProject
Project("{8BC9CEB8-8B4A-11D0-8D11-00A0C91BC942}") = "33.PostorderTraversalOfBinarySearchTree", "33.PostorderTraversalOfBinarySearchTree\33.PostorderTraversalOfBinarySearchTree.vcxproj", "{A0B995DD-7EAA-474F-B8E8-7F966BF0B75C}"
EndProject
Project("{8BC9CEB8-8B4A-11D0-8D11-00A0C91BC942}") = "44.ADigitInASequenceOfNumbers", "44.ADigitInASequenceOfNumbers\44.ADigitInASequenceOfNumbers.vcxproj", "{3D59E35E-9078-4405-B324-6F6C27B5C07C}"
EndProject
Project("{8BC9CEB8-8B4A-11D0-8D11-00A0C91BC942}") = "45.MinimizeAnArray", "45.MinimizeAnArray\45.MinimizeAnArray.vcxproj", "{F958A59F-F1F4-49A4-A3D4-454A3B5B72EF}"
EndProject
Project("{8BC9CEB8-8B4A-11D0-8D11-00A0C91BC942}") = "46.TranslateNumbersIntoStrings", "46.TranslateNumbersIntoStrings\46.TranslateNumbersIntoStrings.vcxproj", "{87F8A666-920D-44B0-96CE-F8EA98995179}"
EndProject
Project("{8BC9CEB8-8B4A-11D0-8D11-00A0C91BC942}") = "47.TheGreatestValueOfGifts", "47.TheGreatestValueOfGifts\47.TheGreatestValueOfGifts.vcxproj", "{C28ADBCF-1551-453A-B74D-7B8BD66773F5}"
EndProject
Project("{8BC9CEB8-8B4A-11D0-8D11-00A0C91BC942}") = "53.FindingNumbersInSortedArrays", "53.FindingNumbersInSortedArrays\53.FindingNumbersInSortedArrays.vcxproj", "{AFADE19B-ED0A-42AC-B24A-836BD7885E35}"
EndProject
Project("{8BC9CEB8-8B4A-11D0-8D11-00A0C91BC942}") = "55.TheDepthOfBinaryTree", "55.TheDepthOfBinaryTree\55.TheDepthOfBinaryTree.vcxproj", "{AA8CFC9A-23D4-4320-AFF4-4A499E2D257C}"
EndProject
Project("{8BC9CEB8-8B4A-11D0-8D11-00A0C91BC942}") = "56.TheNumberOfOccurrencesOfANumberInAnArray", "56.TheNumberOfOccurrencesOfANumberInAnArray\56.TheNumberOfOccurrencesOfANumberInAnArray.vcxproj", "{C773D02B-0E37-4AD3-97BA-911CAA981ADF}"
EndProject
Project("{8BC9CEB8-8B4A-11D0-8D11-00A0C91BC942}") = "57.TheNumbersWitchSumsIsS", "57.TheNumbersWitchSumsIsS\57.TheNumbersWitchSumsIsS.vcxproj", "{5A8F60ED-4265-4307-B4FE-719D7E6BE92F}"
EndProject
Project("{8BC9CEB8-8B4A-11D0-8D11-00A0C91BC942}") = "59.TheMaximumValueOfTheQueue", "59.TheMaximumValueOfTheQueue\59.TheMaximumValueOfTheQueue.vcxproj", "{A75254EA-D8CA-445B-ACF0-221713C5F1EC}"
EndProject
Project("{8BC9CEB8-8B4A-11D0-8D11-00A0C91BC942}") = "60.StraightInPlayingCards", "60.StraightInPlayingCards\60.StraightInPlayingCards.vcxproj", "{DF0FDFA0-140C-417C-B5C5-3F53DFF2324B}"
EndProject
Project("{8BC9CEB8-8B4A-11D0-8D11-00A0C91BC942}") = "62.TheLastRemainingNumberInTheCircle", "62.TheLastRemainingNumberInTheCircle\62.TheLastRemainingNumberInTheCircle.vcxproj", "{2F75A980-E529-420D-A574-EC6EEF125C10}"
EndProject
Project("{8BC9CEB8-8B4A-11D0-8D11-00A0C91BC942}") = "63.TheMaximumProfitOfStock", "63.TheMaximumProfitOfStock\63.TheMaximumProfitOfStock.vcxproj", "{941F9CF9-AB6C-47DA-A1BC-A0F111DAEEB8}"
EndProject
Project("{8BC9CEB8-8B4A-11D0-8D11-00A0C91BC942}") = "65.AddingWithoutAddition,Subtraction,MultiplicationAndDivision", "65.AddingWithoutAddition,Subtraction,MultiplicationAndDivision\65.AddingWithoutAddition,Subtraction,MultiplicationAndDivision.vcxproj", "{C416D9C8-4042-4AF4-8302-EEF87D20629B}"
EndProject
Project("{8BC9CEB8-8B4A-11D0-8D11-00A0C91BC942}") = "67.ConvertsAStringToAnInteger", "67.ConvertsAStringToAnInteger\67.ConvertsAStringToAnInteger.vcxproj", "{C13566A0-3E7C-4BD6-A864-C90CB13434C6}"
EndProject
Project("{8BC9CEB8-8B4A-11D0-8D11-00A0C91BC942}") = "38.ArrangementOfStrings", "38.ArrangementOfStrings\38.ArrangementOfStrings.vcxproj", "{3E6AE0D7-AA4B-4ED9-82D4-B5BCC8DCE9BA}"
EndProject
Project("{8BC9CEB8-8B4A-11D0-8D11-00A0C91BC942}") = "32.PrintBinaryTreeFromTopToBottom", "32.PrintBinaryTreeFromTopToBottom\32.PrintBinaryTreeFromTopToBottom.vcxproj", "{54B2C237-A9BF-4A57-9CDD-13B9D5725279}"
EndProject
Project("{8BC9CEB8-8B4A-11D0-8D11-00A0C91BC942}") = "37.SerializedBinaryTree", "37.SerializedBinaryTree\37.SerializedBinaryTree.vcxproj", "{BDD6E9F7-C0C9-4212-84FC-84905BCCE8DF}"
EndProject
Project("{8BC9CEB8-8B4A-11D0-8D11-00A0C91BC942}") = "01.AssignmentOperatorFunction", "01.AssignmentOperatorFunction\1.AssignmentOperatorFunction.vcxproj", "{EEFCB727-40A4-4CED-A2BD-806CE0D1CD77}"
EndProject
Project("{8BC9CEB8-8B4A-11D0-8D11-00A0C91BC942}") = "03.FindRepeatedNumberInArray", "03.FindRepeatedNumberInArray\3.FindRepeatedNumberInArray.vcxproj", "{CC3F761D-BAD2-4290-8372-D46544080E45}"
EndProject
Project("{8BC9CEB8-8B4A-11D0-8D11-00A0C91BC942}") = "04.SearchingInTwoDimensionalArray", "04.SearchingInTwoDimensionalArray\4.SearchingInTwoDimensionalArray.vcxproj", "{D41B76B2-C64B-4945-BB1B-423445100194}"
EndProject
Project("{8BC9CEB8-8B4A-11D0-8D11-00A0C91BC942}") = "05.ReplaceSpaces", "05.ReplaceSpaces\5.ReplaceSpaces.vcxproj", "{BB82EB80-10CF-4C44-A7DD-AAC5F5552298}"
EndProject
Project("{8BC9CEB8-8B4A-11D0-8D11-00A0C91BC942}") = "06.PrintList", "06.PrintList\6.PrintList.vcxproj", "{63B0AE50-F6EC-46D3-88DA-E190AEBF9707}"
EndProject
Project("{8BC9CEB8-8B4A-11D0-8D11-00A0C91BC942}") = "07.ReconstructionOfBinaryTree", "07.ReconstructionOfBinaryTree\7.ReconstructionOfBinaryTree.vcxproj", "{E1D678BD-0ED4-46BE-9647-274B08060528}"
EndProject
Project("{8BC9CEB8-8B4A-11D0-8D11-00A0C91BC942}") = "09.QueueWithTwoStacks", "09.QueueWithTwoStacks\9.QueueWithTwoStacks.vcxproj", "{3267DFED-FD2A-46EB-B979-8B810B2F3DC3}"
EndProject
Global
	GlobalSection(SolutionConfigurationPlatforms) = preSolution
		Debug|x64 = Debug|x64
		Debug|x86 = Debug|x86
		Release|x64 = Release|x64
		Release|x86 = Release|x86
	EndGlobalSection
	GlobalSection(ProjectConfigurationPlatforms) = postSolution
		{203057CC-0535-4E46-BCE0-A0289B910AFD}.Debug|x64.ActiveCfg = Debug|x64
		{203057CC-0535-4E46-BCE0-A0289B910AFD}.Debug|x64.Build.0 = Debug|x64
		{203057CC-0535-4E46-BCE0-A0289B910AFD}.Debug|x86.ActiveCfg = Debug|Win32
		{203057CC-0535-4E46-BCE0-A0289B910AFD}.Debug|x86.Build.0 = Debug|Win32
		{203057CC-0535-4E46-BCE0-A0289B910AFD}.Release|x64.ActiveCfg = Release|x64
		{203057CC-0535-4E46-BCE0-A0289B910AFD}.Release|x64.Build.0 = Release|x64
		{203057CC-0535-4E46-BCE0-A0289B910AFD}.Release|x86.ActiveCfg = Release|Win32
		{203057CC-0535-4E46-BCE0-A0289B910AFD}.Release|x86.Build.0 = Release|Win32
		{E99ACBCB-1C00-435B-99B5-A02C00A7E7CF}.Debug|x64.ActiveCfg = Debug|x64
		{E99ACBCB-1C00-435B-99B5-A02C00A7E7CF}.Debug|x64.Build.0 = Debug|x64
		{E99ACBCB-1C00-435B-99B5-A02C00A7E7CF}.Debug|x86.ActiveCfg = Debug|Win32
		{E99ACBCB-1C00-435B-99B5-A02C00A7E7CF}.Debug|x86.Build.0 = Debug|Win32
		{E99ACBCB-1C00-435B-99B5-A02C00A7E7CF}.Release|x64.ActiveCfg = Release|x64
		{E99ACBCB-1C00-435B-99B5-A02C00A7E7CF}.Release|x64.Build.0 = Release|x64
		{E99ACBCB-1C00-435B-99B5-A02C00A7E7CF}.Release|x86.ActiveCfg = Release|Win32
		{E99ACBCB-1C00-435B-99B5-A02C00A7E7CF}.Release|x86.Build.0 = Release|Win32
		{11D7C4DB-E6EA-49CB-8BFA-D44FE8C10AF2}.Debug|x64.ActiveCfg = Debug|x64
		{11D7C4DB-E6EA-49CB-8BFA-D44FE8C10AF2}.Debug|x64.Build.0 = Debug|x64
		{11D7C4DB-E6EA-49CB-8BFA-D44FE8C10AF2}.Debug|x86.ActiveCfg = Debug|Win32
		{11D7C4DB-E6EA-49CB-8BFA-D44FE8C10AF2}.Debug|x86.Build.0 = Debug|Win32
		{11D7C4DB-E6EA-49CB-8BFA-D44FE8C10AF2}.Release|x64.ActiveCfg = Release|x64
		{11D7C4DB-E6EA-49CB-8BFA-D44FE8C10AF2}.Release|x64.Build.0 = Release|x64
		{11D7C4DB-E6EA-49CB-8BFA-D44FE8C10AF2}.Release|x86.ActiveCfg = Release|Win32
		{11D7C4DB-E6EA-49CB-8BFA-D44FE8C10AF2}.Release|x86.Build.0 = Release|Win32
		{906EA365-BBDE-4DC2-9B11-336DC8C6E792}.Debug|x64.ActiveCfg = Debug|x64
		{906EA365-BBDE-4DC2-9B11-336DC8C6E792}.Debug|x64.Build.0 = Debug|x64
		{906EA365-BBDE-4DC2-9B11-336DC8C6E792}.Debug|x86.ActiveCfg = Debug|Win32
		{906EA365-BBDE-4DC2-9B11-336DC8C6E792}.Debug|x86.Build.0 = Debug|Win32
		{906EA365-BBDE-4DC2-9B11-336DC8C6E792}.Release|x64.ActiveCfg = Release|x64
		{906EA365-BBDE-4DC2-9B11-336DC8C6E792}.Release|x64.Build.0 = Release|x64
		{906EA365-BBDE-4DC2-9B11-336DC8C6E792}.Release|x86.ActiveCfg = Release|Win32
		{906EA365-BBDE-4DC2-9B11-336DC8C6E792}.Release|x86.Build.0 = Release|Win32
		{1C7D245A-CFD6-46BB-A7D3-31062A334999}.Debug|x64.ActiveCfg = Debug|x64
		{1C7D245A-CFD6-46BB-A7D3-31062A334999}.Debug|x64.Build.0 = Debug|x64
		{1C7D245A-CFD6-46BB-A7D3-31062A334999}.Debug|x86.ActiveCfg = Debug|Win32
		{1C7D245A-CFD6-46BB-A7D3-31062A334999}.Debug|x86.Build.0 = Debug|Win32
		{1C7D245A-CFD6-46BB-A7D3-31062A334999}.Release|x64.ActiveCfg = Release|x64
		{1C7D245A-CFD6-46BB-A7D3-31062A334999}.Release|x64.Build.0 = Release|x64
		{1C7D245A-CFD6-46BB-A7D3-31062A334999}.Release|x86.ActiveCfg = Release|Win32
		{1C7D245A-CFD6-46BB-A7D3-31062A334999}.Release|x86.Build.0 = Release|Win32
		{EEF154A0-BEA3-498D-A5DA-33A94419B8B8}.Debug|x64.ActiveCfg = Debug|x64
		{EEF154A0-BEA3-498D-A5DA-33A94419B8B8}.Debug|x64.Build.0 = Debug|x64
		{EEF154A0-BEA3-498D-A5DA-33A94419B8B8}.Debug|x86.ActiveCfg = Debug|Win32
		{EEF154A0-BEA3-498D-A5DA-33A94419B8B8}.Debug|x86.Build.0 = Debug|Win32
		{EEF154A0-BEA3-498D-A5DA-33A94419B8B8}.Release|x64.ActiveCfg = Release|x64
		{EEF154A0-BEA3-498D-A5DA-33A94419B8B8}.Release|x64.Build.0 = Release|x64
		{EEF154A0-BEA3-498D-A5DA-33A94419B8B8}.Release|x86.ActiveCfg = Release|Win32
		{EEF154A0-BEA3-498D-A5DA-33A94419B8B8}.Release|x86.Build.0 = Release|Win32
		{2027E0D3-9344-411E-B1C9-2A954DBA6F9C}.Debug|x64.ActiveCfg = Debug|x64
		{2027E0D3-9344-411E-B1C9-2A954DBA6F9C}.Debug|x64.Build.0 = Debug|x64
		{2027E0D3-9344-411E-B1C9-2A954DBA6F9C}.Debug|x86.ActiveCfg = Debug|Win32
		{2027E0D3-9344-411E-B1C9-2A954DBA6F9C}.Debug|x86.Build.0 = Debug|Win32
		{2027E0D3-9344-411E-B1C9-2A954DBA6F9C}.Release|x64.ActiveCfg = Release|x64
		{2027E0D3-9344-411E-B1C9-2A954DBA6F9C}.Release|x64.Build.0 = Release|x64
		{2027E0D3-9344-411E-B1C9-2A954DBA6F9C}.Release|x86.ActiveCfg = Release|Win32
		{2027E0D3-9344-411E-B1C9-2A954DBA6F9C}.Release|x86.Build.0 = Release|Win32
		{38CF5BE1-6C53-47B4-AE73-13A6E84CFACC}.Debug|x64.ActiveCfg = Debug|x64
		{38CF5BE1-6C53-47B4-AE73-13A6E84CFACC}.Debug|x64.Build.0 = Debug|x64
		{38CF5BE1-6C53-47B4-AE73-13A6E84CFACC}.Debug|x86.ActiveCfg = Debug|Win32
		{38CF5BE1-6C53-47B4-AE73-13A6E84CFACC}.Debug|x86.Build.0 = Debug|Win32
		{38CF5BE1-6C53-47B4-AE73-13A6E84CFACC}.Release|x64.ActiveCfg = Release|x64
		{38CF5BE1-6C53-47B4-AE73-13A6E84CFACC}.Release|x64.Build.0 = Release|x64
		{38CF5BE1-6C53-47B4-AE73-13A6E84CFACC}.Release|x86.ActiveCfg = Release|Win32
		{38CF5BE1-6C53-47B4-AE73-13A6E84CFACC}.Release|x86.Build.0 = Release|Win32
		{FE27F293-F608-440F-AF57-4A47CA7CEB48}.Debug|x64.ActiveCfg = Debug|x64
		{FE27F293-F608-440F-AF57-4A47CA7CEB48}.Debug|x64.Build.0 = Debug|x64
		{FE27F293-F608-440F-AF57-4A47CA7CEB48}.Debug|x86.ActiveCfg = Debug|Win32
		{FE27F293-F608-440F-AF57-4A47CA7CEB48}.Debug|x86.Build.0 = Debug|Win32
		{FE27F293-F608-440F-AF57-4A47CA7CEB48}.Release|x64.ActiveCfg = Release|x64
		{FE27F293-F608-440F-AF57-4A47CA7CEB48}.Release|x64.Build.0 = Release|x64
		{FE27F293-F608-440F-AF57-4A47CA7CEB48}.Release|x86.ActiveCfg = Release|Win32
		{FE27F293-F608-440F-AF57-4A47CA7CEB48}.Release|x86.Build.0 = Release|Win32
		{1BE030DD-B8D2-430C-BF33-95785429B9B1}.Debug|x64.ActiveCfg = Debug|x64
		{1BE030DD-B8D2-430C-BF33-95785429B9B1}.Debug|x64.Build.0 = Debug|x64
		{1BE030DD-B8D2-430C-BF33-95785429B9B1}.Debug|x86.ActiveCfg = Debug|Win32
		{1BE030DD-B8D2-430C-BF33-95785429B9B1}.Debug|x86.Build.0 = Debug|Win32
		{1BE030DD-B8D2-430C-BF33-95785429B9B1}.Release|x64.ActiveCfg = Release|x64
		{1BE030DD-B8D2-430C-BF33-95785429B9B1}.Release|x64.Build.0 = Release|x64
		{1BE030DD-B8D2-430C-BF33-95785429B9B1}.Release|x86.ActiveCfg = Release|Win32
		{1BE030DD-B8D2-430C-BF33-95785429B9B1}.Release|x86.Build.0 = Release|Win32
		{498536F9-9E00-4490-8DCE-A4E0661D2B7C}.Debug|x64.ActiveCfg = Debug|x64
		{498536F9-9E00-4490-8DCE-A4E0661D2B7C}.Debug|x64.Build.0 = Debug|x64
		{498536F9-9E00-4490-8DCE-A4E0661D2B7C}.Debug|x86.ActiveCfg = Debug|Win32
		{498536F9-9E00-4490-8DCE-A4E0661D2B7C}.Debug|x86.Build.0 = Debug|Win32
		{498536F9-9E00-4490-8DCE-A4E0661D2B7C}.Release|x64.ActiveCfg = Release|x64
		{498536F9-9E00-4490-8DCE-A4E0661D2B7C}.Release|x64.Build.0 = Release|x64
		{498536F9-9E00-4490-8DCE-A4E0661D2B7C}.Release|x86.ActiveCfg = Release|Win32
		{498536F9-9E00-4490-8DCE-A4E0661D2B7C}.Release|x86.Build.0 = Release|Win32
		{1CA7D09C-FE49-42C4-86A3-E0A9D5948DFC}.Debug|x64.ActiveCfg = Debug|x64
		{1CA7D09C-FE49-42C4-86A3-E0A9D5948DFC}.Debug|x64.Build.0 = Debug|x64
		{1CA7D09C-FE49-42C4-86A3-E0A9D5948DFC}.Debug|x86.ActiveCfg = Debug|Win32
		{1CA7D09C-FE49-42C4-86A3-E0A9D5948DFC}.Debug|x86.Build.0 = Debug|Win32
		{1CA7D09C-FE49-42C4-86A3-E0A9D5948DFC}.Release|x64.ActiveCfg = Release|x64
		{1CA7D09C-FE49-42C4-86A3-E0A9D5948DFC}.Release|x64.Build.0 = Release|x64
		{1CA7D09C-FE49-42C4-86A3-E0A9D5948DFC}.Release|x86.ActiveCfg = Release|Win32
		{1CA7D09C-FE49-42C4-86A3-E0A9D5948DFC}.Release|x86.Build.0 = Release|Win32
		{4B709651-32E0-4E0A-A10C-D58F074CB44F}.Debug|x64.ActiveCfg = Debug|x64
		{4B709651-32E0-4E0A-A10C-D58F074CB44F}.Debug|x64.Build.0 = Debug|x64
		{4B709651-32E0-4E0A-A10C-D58F074CB44F}.Debug|x86.ActiveCfg = Debug|Win32
		{4B709651-32E0-4E0A-A10C-D58F074CB44F}.Debug|x86.Build.0 = Debug|Win32
		{4B709651-32E0-4E0A-A10C-D58F074CB44F}.Release|x64.ActiveCfg = Release|x64
		{4B709651-32E0-4E0A-A10C-D58F074CB44F}.Release|x64.Build.0 = Release|x64
		{4B709651-32E0-4E0A-A10C-D58F074CB44F}.Release|x86.ActiveCfg = Release|Win32
		{4B709651-32E0-4E0A-A10C-D58F074CB44F}.Release|x86.Build.0 = Release|Win32
		{ED356377-86E5-4C26-B4F0-B2EB39CE2F18}.Debug|x64.ActiveCfg = Debug|x64
		{ED356377-86E5-4C26-B4F0-B2EB39CE2F18}.Debug|x64.Build.0 = Debug|x64
		{ED356377-86E5-4C26-B4F0-B2EB39CE2F18}.Debug|x86.ActiveCfg = Debug|Win32
		{ED356377-86E5-4C26-B4F0-B2EB39CE2F18}.Debug|x86.Build.0 = Debug|Win32
		{ED356377-86E5-4C26-B4F0-B2EB39CE2F18}.Release|x64.ActiveCfg = Release|x64
		{ED356377-86E5-4C26-B4F0-B2EB39CE2F18}.Release|x64.Build.0 = Release|x64
		{ED356377-86E5-4C26-B4F0-B2EB39CE2F18}.Release|x86.ActiveCfg = Release|Win32
		{ED356377-86E5-4C26-B4F0-B2EB39CE2F18}.Release|x86.Build.0 = Release|Win32
		{EDA1E524-CB6A-4969-9DAD-C306CF1933EC}.Debug|x64.ActiveCfg = Debug|x64
		{EDA1E524-CB6A-4969-9DAD-C306CF1933EC}.Debug|x64.Build.0 = Debug|x64
		{EDA1E524-CB6A-4969-9DAD-C306CF1933EC}.Debug|x86.ActiveCfg = Debug|Win32
		{EDA1E524-CB6A-4969-9DAD-C306CF1933EC}.Debug|x86.Build.0 = Debug|Win32
		{EDA1E524-CB6A-4969-9DAD-C306CF1933EC}.Release|x64.ActiveCfg = Release|x64
		{EDA1E524-CB6A-4969-9DAD-C306CF1933EC}.Release|x64.Build.0 = Release|x64
		{EDA1E524-CB6A-4969-9DAD-C306CF1933EC}.Release|x86.ActiveCfg = Release|Win32
		{EDA1E524-CB6A-4969-9DAD-C306CF1933EC}.Release|x86.Build.0 = Release|Win32
		{5A3A3BCE-EC25-4290-B5AE-E5E989A4DBC0}.Debug|x64.ActiveCfg = Debug|x64
		{5A3A3BCE-EC25-4290-B5AE-E5E989A4DBC0}.Debug|x64.Build.0 = Debug|x64
		{5A3A3BCE-EC25-4290-B5AE-E5E989A4DBC0}.Debug|x86.ActiveCfg = Debug|Win32
		{5A3A3BCE-EC25-4290-B5AE-E5E989A4DBC0}.Debug|x86.Build.0 = Debug|Win32
		{5A3A3BCE-EC25-4290-B5AE-E5E989A4DBC0}.Release|x64.ActiveCfg = Release|x64
		{5A3A3BCE-EC25-4290-B5AE-E5E989A4DBC0}.Release|x64.Build.0 = Release|x64
		{5A3A3BCE-EC25-4290-B5AE-E5E989A4DBC0}.Release|x86.ActiveCfg = Release|Win32
		{5A3A3BCE-EC25-4290-B5AE-E5E989A4DBC0}.Release|x86.Build.0 = Release|Win32
		{B0AB77E0-8418-429D-9C2A-0B7B1BF1F859}.Debug|x64.ActiveCfg = Debug|x64
		{B0AB77E0-8418-429D-9C2A-0B7B1BF1F859}.Debug|x64.Build.0 = Debug|x64
		{B0AB77E0-8418-429D-9C2A-0B7B1BF1F859}.Debug|x86.ActiveCfg = Debug|Win32
		{B0AB77E0-8418-429D-9C2A-0B7B1BF1F859}.Debug|x86.Build.0 = Debug|Win32
		{B0AB77E0-8418-429D-9C2A-0B7B1BF1F859}.Release|x64.ActiveCfg = Release|x64
		{B0AB77E0-8418-429D-9C2A-0B7B1BF1F859}.Release|x64.Build.0 = Release|x64
		{B0AB77E0-8418-429D-9C2A-0B7B1BF1F859}.Release|x86.ActiveCfg = Release|Win32
		{B0AB77E0-8418-429D-9C2A-0B7B1BF1F859}.Release|x86.Build.0 = Release|Win32
		{A0B995DD-7EAA-474F-B8E8-7F966BF0B75C}.Debug|x64.ActiveCfg = Debug|x64
		{A0B995DD-7EAA-474F-B8E8-7F966BF0B75C}.Debug|x64.Build.0 = Debug|x64
		{A0B995DD-7EAA-474F-B8E8-7F966BF0B75C}.Debug|x86.ActiveCfg = Debug|Win32
		{A0B995DD-7EAA-474F-B8E8-7F966BF0B75C}.Debug|x86.Build.0 = Debug|Win32
		{A0B995DD-7EAA-474F-B8E8-7F966BF0B75C}.Release|x64.ActiveCfg = Release|x64
		{A0B995DD-7EAA-474F-B8E8-7F966BF0B75C}.Release|x64.Build.0 = Release|x64
		{A0B995DD-7EAA-474F-B8E8-7F966BF0B75C}.Release|x86.ActiveCfg = Release|Win32
		{A0B995DD-7EAA-474F-B8E8-7F966BF0B75C}.Release|x86.Build.0 = Release|Win32
		{3D59E35E-9078-4405-B324-6F6C27B5C07C}.Debug|x64.ActiveCfg = Debug|x64
		{3D59E35E-9078-4405-B324-6F6C27B5C07C}.Debug|x64.Build.0 = Debug|x64
		{3D59E35E-9078-4405-B324-6F6C27B5C07C}.Debug|x86.ActiveCfg = Debug|Win32
		{3D59E35E-9078-4405-B324-6F6C27B5C07C}.Debug|x86.Build.0 = Debug|Win32
		{3D59E35E-9078-4405-B324-6F6C27B5C07C}.Release|x64.ActiveCfg = Release|x64
		{3D59E35E-9078-4405-B324-6F6C27B5C07C}.Release|x64.Build.0 = Release|x64
		{3D59E35E-9078-4405-B324-6F6C27B5C07C}.Release|x86.ActiveCfg = Release|Win32
		{3D59E35E-9078-4405-B324-6F6C27B5C07C}.Release|x86.Build.0 = Release|Win32
		{F958A59F-F1F4-49A4-A3D4-454A3B5B72EF}.Debug|x64.ActiveCfg = Debug|x64
		{F958A59F-F1F4-49A4-A3D4-454A3B5B72EF}.Debug|x64.Build.0 = Debug|x64
		{F958A59F-F1F4-49A4-A3D4-454A3B5B72EF}.Debug|x86.ActiveCfg = Debug|Win32
		{F958A59F-F1F4-49A4-A3D4-454A3B5B72EF}.Debug|x86.Build.0 = Debug|Win32
		{F958A59F-F1F4-49A4-A3D4-454A3B5B72EF}.Release|x64.ActiveCfg = Release|x64
		{F958A59F-F1F4-49A4-A3D4-454A3B5B72EF}.Release|x64.Build.0 = Release|x64
		{F958A59F-F1F4-49A4-A3D4-454A3B5B72EF}.Release|x86.ActiveCfg = Release|Win32
		{F958A59F-F1F4-49A4-A3D4-454A3B5B72EF}.Release|x86.Build.0 = Release|Win32
		{87F8A666-920D-44B0-96CE-F8EA98995179}.Debug|x64.ActiveCfg = Debug|x64
		{87F8A666-920D-44B0-96CE-F8EA98995179}.Debug|x64.Build.0 = Debug|x64
		{87F8A666-920D-44B0-96CE-F8EA98995179}.Debug|x86.ActiveCfg = Debug|Win32
		{87F8A666-920D-44B0-96CE-F8EA98995179}.Debug|x86.Build.0 = Debug|Win32
		{87F8A666-920D-44B0-96CE-F8EA98995179}.Release|x64.ActiveCfg = Release|x64
		{87F8A666-920D-44B0-96CE-F8EA98995179}.Release|x64.Build.0 = Release|x64
		{87F8A666-920D-44B0-96CE-F8EA98995179}.Release|x86.ActiveCfg = Release|Win32
		{87F8A666-920D-44B0-96CE-F8EA98995179}.Release|x86.Build.0 = Release|Win32
		{C28ADBCF-1551-453A-B74D-7B8BD66773F5}.Debug|x64.ActiveCfg = Debug|x64
		{C28ADBCF-1551-453A-B74D-7B8BD66773F5}.Debug|x64.Build.0 = Debug|x64
		{C28ADBCF-1551-453A-B74D-7B8BD66773F5}.Debug|x86.ActiveCfg = Debug|Win32
		{C28ADBCF-1551-453A-B74D-7B8BD66773F5}.Debug|x86.Build.0 = Debug|Win32
		{C28ADBCF-1551-453A-B74D-7B8BD66773F5}.Release|x64.ActiveCfg = Release|x64
		{C28ADBCF-1551-453A-B74D-7B8BD66773F5}.Release|x64.Build.0 = Release|x64
		{C28ADBCF-1551-453A-B74D-7B8BD66773F5}.Release|x86.ActiveCfg = Release|Win32
		{C28ADBCF-1551-453A-B74D-7B8BD66773F5}.Release|x86.Build.0 = Release|Win32
		{AFADE19B-ED0A-42AC-B24A-836BD7885E35}.Debug|x64.ActiveCfg = Debug|x64
		{AFADE19B-ED0A-42AC-B24A-836BD7885E35}.Debug|x64.Build.0 = Debug|x64
		{AFADE19B-ED0A-42AC-B24A-836BD7885E35}.Debug|x86.ActiveCfg = Debug|Win32
		{AFADE19B-ED0A-42AC-B24A-836BD7885E35}.Debug|x86.Build.0 = Debug|Win32
		{AFADE19B-ED0A-42AC-B24A-836BD7885E35}.Release|x64.ActiveCfg = Release|x64
		{AFADE19B-ED0A-42AC-B24A-836BD7885E35}.Release|x64.Build.0 = Release|x64
		{AFADE19B-ED0A-42AC-B24A-836BD7885E35}.Release|x86.ActiveCfg = Release|Win32
		{AFADE19B-ED0A-42AC-B24A-836BD7885E35}.Release|x86.Build.0 = Release|Win32
		{AA8CFC9A-23D4-4320-AFF4-4A499E2D257C}.Debug|x64.ActiveCfg = Debug|x64
		{AA8CFC9A-23D4-4320-AFF4-4A499E2D257C}.Debug|x64.Build.0 = Debug|x64
		{AA8CFC9A-23D4-4320-AFF4-4A499E2D257C}.Debug|x86.ActiveCfg = Debug|Win32
		{AA8CFC9A-23D4-4320-AFF4-4A499E2D257C}.Debug|x86.Build.0 = Debug|Win32
		{AA8CFC9A-23D4-4320-AFF4-4A499E2D257C}.Release|x64.ActiveCfg = Release|x64
		{AA8CFC9A-23D4-4320-AFF4-4A499E2D257C}.Release|x64.Build.0 = Release|x64
		{AA8CFC9A-23D4-4320-AFF4-4A499E2D257C}.Release|x86.ActiveCfg = Release|Win32
		{AA8CFC9A-23D4-4320-AFF4-4A499E2D257C}.Release|x86.Build.0 = Release|Win32
		{C773D02B-0E37-4AD3-97BA-911CAA981ADF}.Debug|x64.ActiveCfg = Debug|x64
		{C773D02B-0E37-4AD3-97BA-911CAA981ADF}.Debug|x64.Build.0 = Debug|x64
		{C773D02B-0E37-4AD3-97BA-911CAA981ADF}.Debug|x86.ActiveCfg = Debug|Win32
		{C773D02B-0E37-4AD3-97BA-911CAA981ADF}.Debug|x86.Build.0 = Debug|Win32
		{C773D02B-0E37-4AD3-97BA-911CAA981ADF}.Release|x64.ActiveCfg = Release|x64
		{C773D02B-0E37-4AD3-97BA-911CAA981ADF}.Release|x64.Build.0 = Release|x64
		{C773D02B-0E37-4AD3-97BA-911CAA981ADF}.Release|x86.ActiveCfg = Release|Win32
		{C773D02B-0E37-4AD3-97BA-911CAA981ADF}.Release|x86.Build.0 = Release|Win32
		{5A8F60ED-4265-4307-B4FE-719D7E6BE92F}.Debug|x64.ActiveCfg = Debug|x64
		{5A8F60ED-4265-4307-B4FE-719D7E6BE92F}.Debug|x64.Build.0 = Debug|x64
		{5A8F60ED-4265-4307-B4FE-719D7E6BE92F}.Debug|x86.ActiveCfg = Debug|Win32
		{5A8F60ED-4265-4307-B4FE-719D7E6BE92F}.Debug|x86.Build.0 = Debug|Win32
		{5A8F60ED-4265-4307-B4FE-719D7E6BE92F}.Release|x64.ActiveCfg = Release|x64
		{5A8F60ED-4265-4307-B4FE-719D7E6BE92F}.Release|x64.Build.0 = Release|x64
		{5A8F60ED-4265-4307-B4FE-719D7E6BE92F}.Release|x86.ActiveCfg = Release|Win32
		{5A8F60ED-4265-4307-B4FE-719D7E6BE92F}.Release|x86.Build.0 = Release|Win32
		{A75254EA-D8CA-445B-ACF0-221713C5F1EC}.Debug|x64.ActiveCfg = Debug|x64
		{A75254EA-D8CA-445B-ACF0-221713C5F1EC}.Debug|x64.Build.0 = Debug|x64
		{A75254EA-D8CA-445B-ACF0-221713C5F1EC}.Debug|x86.ActiveCfg = Debug|Win32
		{A75254EA-D8CA-445B-ACF0-221713C5F1EC}.Debug|x86.Build.0 = Debug|Win32
		{A75254EA-D8CA-445B-ACF0-221713C5F1EC}.Release|x64.ActiveCfg = Release|x64
		{A75254EA-D8CA-445B-ACF0-221713C5F1EC}.Release|x64.Build.0 = Release|x64
		{A75254EA-D8CA-445B-ACF0-221713C5F1EC}.Release|x86.ActiveCfg = Release|Win32
		{A75254EA-D8CA-445B-ACF0-221713C5F1EC}.Release|x86.Build.0 = Release|Win32
		{DF0FDFA0-140C-417C-B5C5-3F53DFF2324B}.Debug|x64.ActiveCfg = Debug|x64
		{DF0FDFA0-140C-417C-B5C5-3F53DFF2324B}.Debug|x64.Build.0 = Debug|x64
		{DF0FDFA0-140C-417C-B5C5-3F53DFF2324B}.Debug|x86.ActiveCfg = Debug|Win32
		{DF0FDFA0-140C-417C-B5C5-3F53DFF2324B}.Debug|x86.Build.0 = Debug|Win32
		{DF0FDFA0-140C-417C-B5C5-3F53DFF2324B}.Release|x64.ActiveCfg = Release|x64
		{DF0FDFA0-140C-417C-B5C5-3F53DFF2324B}.Release|x64.Build.0 = Release|x64
		{DF0FDFA0-140C-417C-B5C5-3F53DFF2324B}.Release|x86.ActiveCfg = Release|Win32
		{DF0FDFA0-140C-417C-B5C5-3F53DFF2324B}.Release|x86.Build.0 = Release|Win32
		{2F75A980-E529-420D-A574-EC6EEF125C10}.Debug|x64.ActiveCfg = Debug|x64
		{2F75A980-E529-420D-A574-EC6EEF125C10}.Debug|x64.Build.0 = Debug|x64
		{2F75A980-E529-420D-A574-EC6EEF125C10}.Debug|x86.ActiveCfg = Debug|Win32
		{2F75A980-E529-420D-A574-EC6EEF125C10}.Debug|x86.Build.0 = Debug|Win32
		{2F75A980-E529-420D-A574-EC6EEF125C10}.Release|x64.ActiveCfg = Release|x64
		{2F75A980-E529-420D-A574-EC6EEF125C10}.Release|x64.Build.0 = Release|x64
		{2F75A980-E529-420D-A574-EC6EEF125C10}.Release|x86.ActiveCfg = Release|Win32
		{2F75A980-E529-420D-A574-EC6EEF125C10}.Release|x86.Build.0 = Release|Win32
		{941F9CF9-AB6C-47DA-A1BC-A0F111DAEEB8}.Debug|x64.ActiveCfg = Debug|x64
		{941F9CF9-AB6C-47DA-A1BC-A0F111DAEEB8}.Debug|x64.Build.0 = Debug|x64
		{941F9CF9-AB6C-47DA-A1BC-A0F111DAEEB8}.Debug|x86.ActiveCfg = Debug|Win32
		{941F9CF9-AB6C-47DA-A1BC-A0F111DAEEB8}.Debug|x86.Build.0 = Debug|Win32
		{941F9CF9-AB6C-47DA-A1BC-A0F111DAEEB8}.Release|x64.ActiveCfg = Release|x64
		{941F9CF9-AB6C-47DA-A1BC-A0F111DAEEB8}.Release|x64.Build.0 = Release|x64
		{941F9CF9-AB6C-47DA-A1BC-A0F111DAEEB8}.Release|x86.ActiveCfg = Release|Win32
		{941F9CF9-AB6C-47DA-A1BC-A0F111DAEEB8}.Release|x86.Build.0 = Release|Win32
		{C416D9C8-4042-4AF4-8302-EEF87D20629B}.Debug|x64.ActiveCfg = Debug|x64
		{C416D9C8-4042-4AF4-8302-EEF87D20629B}.Debug|x64.Build.0 = Debug|x64
		{C416D9C8-4042-4AF4-8302-EEF87D20629B}.Debug|x86.ActiveCfg = Debug|Win32
		{C416D9C8-4042-4AF4-8302-EEF87D20629B}.Debug|x86.Build.0 = Debug|Win32
		{C416D9C8-4042-4AF4-8302-EEF87D20629B}.Release|x64.ActiveCfg = Release|x64
		{C416D9C8-4042-4AF4-8302-EEF87D20629B}.Release|x64.Build.0 = Release|x64
		{C416D9C8-4042-4AF4-8302-EEF87D20629B}.Release|x86.ActiveCfg = Release|Win32
		{C416D9C8-4042-4AF4-8302-EEF87D20629B}.Release|x86.Build.0 = Release|Win32
		{C13566A0-3E7C-4BD6-A864-C90CB13434C6}.Debug|x64.ActiveCfg = Debug|x64
		{C13566A0-3E7C-4BD6-A864-C90CB13434C6}.Debug|x64.Build.0 = Debug|x64
		{C13566A0-3E7C-4BD6-A864-C90CB13434C6}.Debug|x86.ActiveCfg = Debug|Win32
		{C13566A0-3E7C-4BD6-A864-C90CB13434C6}.Debug|x86.Build.0 = Debug|Win32
		{C13566A0-3E7C-4BD6-A864-C90CB13434C6}.Release|x64.ActiveCfg = Release|x64
		{C13566A0-3E7C-4BD6-A864-C90CB13434C6}.Release|x64.Build.0 = Release|x64
		{C13566A0-3E7C-4BD6-A864-C90CB13434C6}.Release|x86.ActiveCfg = Release|Win32
		{C13566A0-3E7C-4BD6-A864-C90CB13434C6}.Release|x86.Build.0 = Release|Win32
		{3E6AE0D7-AA4B-4ED9-82D4-B5BCC8DCE9BA}.Debug|x64.ActiveCfg = Debug|x64
		{3E6AE0D7-AA4B-4ED9-82D4-B5BCC8DCE9BA}.Debug|x64.Build.0 = Debug|x64
		{3E6AE0D7-AA4B-4ED9-82D4-B5BCC8DCE9BA}.Debug|x86.ActiveCfg = Debug|Win32
		{3E6AE0D7-AA4B-4ED9-82D4-B5BCC8DCE9BA}.Debug|x86.Build.0 = Debug|Win32
		{3E6AE0D7-AA4B-4ED9-82D4-B5BCC8DCE9BA}.Release|x64.ActiveCfg = Release|x64
		{3E6AE0D7-AA4B-4ED9-82D4-B5BCC8DCE9BA}.Release|x64.Build.0 = Release|x64
		{3E6AE0D7-AA4B-4ED9-82D4-B5BCC8DCE9BA}.Release|x86.ActiveCfg = Release|Win32
		{3E6AE0D7-AA4B-4ED9-82D4-B5BCC8DCE9BA}.Release|x86.Build.0 = Release|Win32
		{54B2C237-A9BF-4A57-9CDD-13B9D5725279}.Debug|x64.ActiveCfg = Debug|x64
		{54B2C237-A9BF-4A57-9CDD-13B9D5725279}.Debug|x64.Build.0 = Debug|x64
		{54B2C237-A9BF-4A57-9CDD-13B9D5725279}.Debug|x86.ActiveCfg = Debug|Win32
		{54B2C237-A9BF-4A57-9CDD-13B9D5725279}.Debug|x86.Build.0 = Debug|Win32
		{54B2C237-A9BF-4A57-9CDD-13B9D5725279}.Release|x64.ActiveCfg = Release|x64
		{54B2C237-A9BF-4A57-9CDD-13B9D5725279}.Release|x64.Build.0 = Release|x64
		{54B2C237-A9BF-4A57-9CDD-13B9D5725279}.Release|x86.ActiveCfg = Release|Win32
		{54B2C237-A9BF-4A57-9CDD-13B9D5725279}.Release|x86.Build.0 = Release|Win32
		{BDD6E9F7-C0C9-4212-84FC-84905BCCE8DF}.Debug|x64.ActiveCfg = Debug|x64
		{BDD6E9F7-C0C9-4212-84FC-84905BCCE8DF}.Debug|x64.Build.0 = Debug|x64
		{BDD6E9F7-C0C9-4212-84FC-84905BCCE8DF}.Debug|x86.ActiveCfg = Debug|Win32
		{BDD6E9F7-C0C9-4212-84FC-84905BCCE8DF}.Debug|x86.Build.0 = Debug|Win32
		{BDD6E9F7-C0C9-4212-84FC-84905BCCE8DF}.Release|x64.ActiveCfg = Release|x64
		{BDD6E9F7-C0C9-4212-84FC-84905BCCE8DF}.Release|x64.Build.0 = Release|x64
		{BDD6E9F7-C0C9-4212-84FC-84905BCCE8DF}.Release|x86.ActiveCfg = Release|Win32
		{BDD6E9F7-C0C9-4212-84FC-84905BCCE8DF}.Release|x86.Build.0 = Release|Win32
		{EEFCB727-40A4-4CED-A2BD-806CE0D1CD77}.Debug|x64.ActiveCfg = Debug|x64
		{EEFCB727-40A4-4CED-A2BD-806CE0D1CD77}.Debug|x64.Build.0 = Debug|x64
		{EEFCB727-40A4-4CED-A2BD-806CE0D1CD77}.Debug|x86.ActiveCfg = Debug|Win32
		{EEFCB727-40A4-4CED-A2BD-806CE0D1CD77}.Debug|x86.Build.0 = Debug|Win32
		{EEFCB727-40A4-4CED-A2BD-806CE0D1CD77}.Release|x64.ActiveCfg = Release|x64
		{EEFCB727-40A4-4CED-A2BD-806CE0D1CD77}.Release|x64.Build.0 = Release|x64
		{EEFCB727-40A4-4CED-A2BD-806CE0D1CD77}.Release|x86.ActiveCfg = Release|Win32
		{EEFCB727-40A4-4CED-A2BD-806CE0D1CD77}.Release|x86.Build.0 = Release|Win32
		{CC3F761D-BAD2-4290-8372-D46544080E45}.Debug|x64.ActiveCfg = Debug|x64
		{CC3F761D-BAD2-4290-8372-D46544080E45}.Debug|x64.Build.0 = Debug|x64
		{CC3F761D-BAD2-4290-8372-D46544080E45}.Debug|x86.ActiveCfg = Debug|Win32
		{CC3F761D-BAD2-4290-8372-D46544080E45}.Debug|x86.Build.0 = Debug|Win32
		{CC3F761D-BAD2-4290-8372-D46544080E45}.Release|x64.ActiveCfg = Release|x64
		{CC3F761D-BAD2-4290-8372-D46544080E45}.Release|x64.Build.0 = Release|x64
		{CC3F761D-BAD2-4290-8372-D46544080E45}.Release|x86.ActiveCfg = Release|Win32
		{CC3F761D-BAD2-4290-8372-D46544080E45}.Release|x86.Build.0 = Release|Win32
		{D41B76B2-C64B-4945-BB1B-423445100194}.Debug|x64.ActiveCfg = Debug|x64
		{D41B76B2-C64B-4945-BB1B-423445100194}.Debug|x64.Build.0 = Debug|x64
		{D41B76B2-C64B-4945-BB1B-423445100194}.Debug|x86.ActiveCfg = Debug|Win32
		{D41B76B2-C64B-4945-BB1B-423445100194}.Debug|x86.Build.0 = Debug|Win32
		{D41B76B2-C64B-4945-BB1B-423445100194}.Release|x64.ActiveCfg = Release|x64
		{D41B76B2-C64B-4945-BB1B-423445100194}.Release|x64.Build.0 = Release|x64
		{D41B76B2-C64B-4945-BB1B-423445100194}.Release|x86.ActiveCfg = Release|Win32
		{D41B76B2-C64B-4945-BB1B-423445100194}.Release|x86.Build.0 = Release|Win32
		{BB82EB80-10CF-4C44-A7DD-AAC5F5552298}.Debug|x64.ActiveCfg = Debug|x64
		{BB82EB80-10CF-4C44-A7DD-AAC5F5552298}.Debug|x64.Build.0 = Debug|x64
		{BB82EB80-10CF-4C44-A7DD-AAC5F5552298}.Debug|x86.ActiveCfg = Debug|Win32
		{BB82EB80-10CF-4C44-A7DD-AAC5F5552298}.Debug|x86.Build.0 = Debug|Win32
		{BB82EB80-10CF-4C44-A7DD-AAC5F5552298}.Release|x64.ActiveCfg = Release|x64
		{BB82EB80-10CF-4C44-A7DD-AAC5F5552298}.Release|x64.Build.0 = Release|x64
		{BB82EB80-10CF-4C44-A7DD-AAC5F5552298}.Release|x86.ActiveCfg = Release|Win32
		{BB82EB80-10CF-4C44-A7DD-AAC5F5552298}.Release|x86.Build.0 = Release|Win32
		{63B0AE50-F6EC-46D3-88DA-E190AEBF9707}.Debug|x64.ActiveCfg = Debug|x64
		{63B0AE50-F6EC-46D3-88DA-E190AEBF9707}.Debug|x64.Build.0 = Debug|x64
		{63B0AE50-F6EC-46D3-88DA-E190AEBF9707}.Debug|x86.ActiveCfg = Debug|Win32
		{63B0AE50-F6EC-46D3-88DA-E190AEBF9707}.Debug|x86.Build.0 = Debug|Win32
		{63B0AE50-F6EC-46D3-88DA-E190AEBF9707}.Release|x64.ActiveCfg = Release|x64
		{63B0AE50-F6EC-46D3-88DA-E190AEBF9707}.Release|x64.Build.0 = Release|x64
		{63B0AE50-F6EC-46D3-88DA-E190AEBF9707}.Release|x86.ActiveCfg = Release|Win32
		{63B0AE50-F6EC-46D3-88DA-E190AEBF9707}.Release|x86.Build.0 = Release|Win32
		{E1D678BD-0ED4-46BE-9647-274B08060528}.Debug|x64.ActiveCfg = Debug|x64
		{E1D678BD-0ED4-46BE-9647-274B08060528}.Debug|x64.Build.0 = Debug|x64
		{E1D678BD-0ED4-46BE-9647-274B08060528}.Debug|x86.ActiveCfg = Debug|Win32
		{E1D678BD-0ED4-46BE-9647-274B08060528}.Debug|x86.Build.0 = Debug|Win32
		{E1D678BD-0ED4-46BE-9647-274B08060528}.Release|x64.ActiveCfg = Release|x64
		{E1D678BD-0ED4-46BE-9647-274B08060528}.Release|x64.Build.0 = Release|x64
		{E1D678BD-0ED4-46BE-9647-274B08060528}.Release|x86.ActiveCfg = Release|Win32
		{E1D678BD-0ED4-46BE-9647-274B08060528}.Release|x86.Build.0 = Release|Win32
		{3267DFED-FD2A-46EB-B979-8B810B2F3DC3}.Debug|x64.ActiveCfg = Debug|x64
		{3267DFED-FD2A-46EB-B979-8B810B2F3DC3}.Debug|x64.Build.0 = Debug|x64
		{3267DFED-FD2A-46EB-B979-8B810B2F3DC3}.Debug|x86.ActiveCfg = Debug|Win32
		{3267DFED-FD2A-46EB-B979-8B810B2F3DC3}.Debug|x86.Build.0 = Debug|Win32
		{3267DFED-FD2A-46EB-B979-8B810B2F3DC3}.Release|x64.ActiveCfg = Release|x64
		{3267DFED-FD2A-46EB-B979-8B810B2F3DC3}.Release|x64.Build.0 = Release|x64
		{3267DFED-FD2A-46EB-B979-8B810B2F3DC3}.Release|x86.ActiveCfg = Release|Win32
		{3267DFED-FD2A-46EB-B979-8B810B2F3DC3}.Release|x86.Build.0 = Release|Win32
	EndGlobalSection
	GlobalSection(SolutionProperties) = preSolution
		HideSolutionNode = FALSE
	EndGlobalSection
	GlobalSection(NestedProjects) = preSolution
		{203057CC-0535-4E46-BCE0-A0289B910AFD} = {5F9341DC-DA1E-471C-95B2-D9002C81F717}
		{E99ACBCB-1C00-435B-99B5-A02C00A7E7CF} = {5F9341DC-DA1E-471C-95B2-D9002C81F717}
		{11D7C4DB-E6EA-49CB-8BFA-D44FE8C10AF2} = {5F9341DC-DA1E-471C-95B2-D9002C81F717}
		{906EA365-BBDE-4DC2-9B11-336DC8C6E792} = {5F9341DC-DA1E-471C-95B2-D9002C81F717}
		{1C7D245A-CFD6-46BB-A7D3-31062A334999} = {5F9341DC-DA1E-471C-95B2-D9002C81F717}
		{EEF154A0-BEA3-498D-A5DA-33A94419B8B8} = {5F9341DC-DA1E-471C-95B2-D9002C81F717}
		{2027E0D3-9344-411E-B1C9-2A954DBA6F9C} = {5F9341DC-DA1E-471C-95B2-D9002C81F717}
		{38CF5BE1-6C53-47B4-AE73-13A6E84CFACC} = {5F9341DC-DA1E-471C-95B2-D9002C81F717}
		{FE27F293-F608-440F-AF57-4A47CA7CEB48} = {5F9341DC-DA1E-471C-95B2-D9002C81F717}
		{1BE030DD-B8D2-430C-BF33-95785429B9B1} = {5F9341DC-DA1E-471C-95B2-D9002C81F717}
		{498536F9-9E00-4490-8DCE-A4E0661D2B7C} = {5F9341DC-DA1E-471C-95B2-D9002C81F717}
		{1CA7D09C-FE49-42C4-86A3-E0A9D5948DFC} = {5F9341DC-DA1E-471C-95B2-D9002C81F717}
		{4B709651-32E0-4E0A-A10C-D58F074CB44F} = {5F9341DC-DA1E-471C-95B2-D9002C81F717}
		{ED356377-86E5-4C26-B4F0-B2EB39CE2F18} = {5F9341DC-DA1E-471C-95B2-D9002C81F717}
		{EDA1E524-CB6A-4969-9DAD-C306CF1933EC} = {5F9341DC-DA1E-471C-95B2-D9002C81F717}
		{5A3A3BCE-EC25-4290-B5AE-E5E989A4DBC0} = {5F9341DC-DA1E-471C-95B2-D9002C81F717}
		{B0AB77E0-8418-429D-9C2A-0B7B1BF1F859} = {5F9341DC-DA1E-471C-95B2-D9002C81F717}
		{A0B995DD-7EAA-474F-B8E8-7F966BF0B75C} = {5F9341DC-DA1E-471C-95B2-D9002C81F717}
		{3D59E35E-9078-4405-B324-6F6C27B5C07C} = {5F9341DC-DA1E-471C-95B2-D9002C81F717}
		{F958A59F-F1F4-49A4-A3D4-454A3B5B72EF} = {5F9341DC-DA1E-471C-95B2-D9002C81F717}
		{87F8A666-920D-44B0-96CE-F8EA98995179} = {5F9341DC-DA1E-471C-95B2-D9002C81F717}
		{C28ADBCF-1551-453A-B74D-7B8BD66773F5} = {5F9341DC-DA1E-471C-95B2-D9002C81F717}
		{AFADE19B-ED0A-42AC-B24A-836BD7885E35} = {5F9341DC-DA1E-471C-95B2-D9002C81F717}
		{AA8CFC9A-23D4-4320-AFF4-4A499E2D257C} = {5F9341DC-DA1E-471C-95B2-D9002C81F717}
		{C773D02B-0E37-4AD3-97BA-911CAA981ADF} = {5F9341DC-DA1E-471C-95B2-D9002C81F717}
		{5A8F60ED-4265-4307-B4FE-719D7E6BE92F} = {5F9341DC-DA1E-471C-95B2-D9002C81F717}
		{A75254EA-D8CA-445B-ACF0-221713C5F1EC} = {5F9341DC-DA1E-471C-95B2-D9002C81F717}
		{DF0FDFA0-140C-417C-B5C5-3F53DFF2324B} = {5F9341DC-DA1E-471C-95B2-D9002C81F717}
		{2F75A980-E529-420D-A574-EC6EEF125C10} = {5F9341DC-DA1E-471C-95B2-D9002C81F717}
		{941F9CF9-AB6C-47DA-A1BC-A0F111DAEEB8} = {5F9341DC-DA1E-471C-95B2-D9002C81F717}
		{C416D9C8-4042-4AF4-8302-EEF87D20629B} = {5F9341DC-DA1E-471C-95B2-D9002C81F717}
		{C13566A0-3E7C-4BD6-A864-C90CB13434C6} = {5F9341DC-DA1E-471C-95B2-D9002C81F717}
		{3E6AE0D7-AA4B-4ED9-82D4-B5BCC8DCE9BA} = {5F9341DC-DA1E-471C-95B2-D9002C81F717}
		{54B2C237-A9BF-4A57-9CDD-13B9D5725279} = {5F9341DC-DA1E-471C-95B2-D9002C81F717}
		{BDD6E9F7-C0C9-4212-84FC-84905BCCE8DF} = {5F9341DC-DA1E-471C-95B2-D9002C81F717}
		{EEFCB727-40A4-4CED-A2BD-806CE0D1CD77} = {5F9341DC-DA1E-471C-95B2-D9002C81F717}
		{CC3F761D-BAD2-4290-8372-D46544080E45} = {5F9341DC-DA1E-471C-95B2-D9002C81F717}
		{D41B76B2-C64B-4945-BB1B-423445100194} = {5F9341DC-DA1E-471C-95B2-D9002C81F717}
		{BB82EB80-10CF-4C44-A7DD-AAC5F5552298} = {5F9341DC-DA1E-471C-95B2-D9002C81F717}
		{63B0AE50-F6EC-46D3-88DA-E190AEBF9707} = {5F9341DC-DA1E-471C-95B2-D9002C81F717}
		{E1D678BD-0ED4-46BE-9647-274B08060528} = {5F9341DC-DA1E-471C-95B2-D9002C81F717}
		{3267DFED-FD2A-46EB-B979-8B810B2F3DC3} = {5F9341DC-DA1E-471C-95B2-D9002C81F717}
	EndGlobalSection
EndGlobal
